{
  "version": "5",
  "specifiers": {
    "jsr:@cliffy/command@1": "1.0.0",
    "jsr:@cliffy/flags@1.0.0": "1.0.0",
    "jsr:@cliffy/internal@1.0.0": "1.0.0",
    "jsr:@cliffy/table@1.0.0": "1.0.0",
    "jsr:@std/assert@1": "1.0.19",
    "jsr:@std/collections@^1.1.3": "1.1.6",
    "jsr:@std/fmt@^1.0.9": "1.0.9",
    "jsr:@std/fs@^1.0.23": "1.0.23",
    "jsr:@std/internal@^1.0.12": "1.0.12",
    "jsr:@std/path@1": "1.1.4",
    "jsr:@std/path@^1.1.4": "1.1.4",
    "jsr:@std/semver@^1.0.8": "1.0.8",
    "jsr:@std/text@^1.0.17": "1.0.17",
    "jsr:@std/toml@^1.0.11": "1.0.11",
    "npm:ventojs@^2.3.1": "2.3.1",
    "npm:zod@3": "3.25.76"
  },
  "jsr": {
    "@cliffy/command@1.0.0": {
      "integrity": "c52a241ea68857fcdaff4f3173eb404f8017d7bc35553b6f533c592b89dde7d2",
      "dependencies": [
        "jsr:@cliffy/flags",
        "jsr:@cliffy/internal",
        "jsr:@cliffy/table",
        "jsr:@std/fmt",
        "jsr:@std/semver",
        "jsr:@std/text"
      ]
    },
    "@cliffy/flags@1.0.0": {
      "integrity": "8b57698adc644da8f90422d58976362d41a4ebca39c312ca1c101585d0148feb",
      "dependencies": [
        "jsr:@cliffy/internal",
        "jsr:@std/text"
      ]
    },
    "@cliffy/internal@1.0.0": {
      "integrity": "1e17ccbcd5420093c0a93e5b3827bbdc9abac5195bacf187edc44665e54bdde6"
    },
    "@cliffy/table@1.0.0": {
      "integrity": "3fdaa9e1ef1ea62022108adabd826932bdea8dd05497079896febcd41322907f",
      "dependencies": [
        "jsr:@std/fmt"
      ]
    },
    "@std/assert@1.0.19": {
      "integrity": "eaada96ee120cb980bc47e040f82814d786fe8162ecc53c91d8df60b8755991e",
      "dependencies": [
        "jsr:@std/internal"
      ]
    },
    "@std/collections@1.1.6": {
      "integrity": "b458160ce65ea5ad35da05d0a5cbee4b583677c8b443a10d7beb0c4ac63f2baa"
    },
    "@std/fmt@1.0.9": {
      "integrity": "2487343e8899fb2be5d0e3d35013e54477ada198854e52dd05ed0422eddcabe0"
    },
    "@std/fs@1.0.23": {
      "integrity": "3ecbae4ce4fee03b180fa710caff36bb5adb66631c46a6460aaad49515565a37",
      "dependencies": [
        "jsr:@std/internal",
        "jsr:@std/path@^1.1.4"
      ]
    },
    "@std/internal@1.0.12": {
      "integrity": "972a634fd5bc34b242024402972cd5143eac68d8dffaca5eaa4dba30ce17b027"
    },
    "@std/path@1.1.4": {
      "integrity": "1d2d43f39efb1b42f0b1882a25486647cb851481862dc7313390b2bb044314b5",
      "dependencies": [
        "jsr:@std/internal"
      ]
    },
    "@std/semver@1.0.8": {
      "integrity": "dc830e8b8b6a380c895d53fbfd1258dc253704ca57bbe1629ac65fd7830179b7"
    },
    "@std/text@1.0.17": {
      "integrity": "4b2c4ef67ae5b6c1dfd447c81c83a43718f52e3c7e748d8b33f694aba9895f95"
    },
    "@std/toml@1.0.11": {
      "integrity": "e084988b872ca4bad6aedfb7350f6eeed0e8ba88e9ee5e1590621c5b5bb8f715",
      "dependencies": [
        "jsr:@std/collections"
      ]
    }
  },
  "npm": {
    "ventojs@2.3.1": {
      "integrity": "sha512-saGBMwQF+TZZJLTixSzwbZl+O5cNdBhMXNYAwegQ+/EsXSllSzrzgrZN7MU07ZOea3M+I/xBTwEFVb0HU6moUw=="
    },
    "zod@3.25.76": {
      "integrity": "sha512-gzUt/qt81nXsFGKIFcC3YnfEAx5NkunCfnDlvuBSSFS02bcXu4Lmea0AFIUwbLWxWPx3d9p8S5QoaujKcNQxcQ=="
    }
  },
  "workspace": {
    "dependencies": [
      "jsr:@cliffy/command@1",
      "jsr:@std/assert@1",
      "jsr:@std/fs@^1.0.23",
      "jsr:@std/path@1",
      "jsr:@std/toml@^1.0.11",
      "npm:ventojs@^2.3.1",
      "npm:zod@3"
    ]
  }
}
